// !$*UTF8*$!
{
	archiveVersion = 1;
	classes = {
	};
	objectVersion = 56;
	objects = {

/* Begin PBXBuildFile section */
		16143FBC2ECE8A0300D5BDFC /* RTCClient.swift in Sources */ = {isa = PBXBuildFile; fileRef = 16143FBB2ECE89FD00D5BDFC /* RTCClient.swift */; };
		16143FBE2ECE965E00D5BDFC /* MediaPipeManager.swift in Sources */ = {isa = PBXBuildFile; fileRef = 16143FBD2ECE965600D5BDFC /* MediaPipeManager.swift */; };
		16143FC02ECEA1CC00D5BDFC /* FrameFuser.swift in Sources */ = {isa = PBXBuildFile; fileRef = 16143FBF2ECEA1C900D5BDFC /* FrameFuser.swift */; };
		16228CD52EAEBB010015672C /* WebRTC in Frameworks */ = {isa = PBXBuildFile; productRef = 16228CD42EAEBB010015672C /* WebRTC */; };
		1627FB832ECD53B600C91671 /* Assets.xcassets in Resources */ = {isa = PBXBuildFile; fileRef = 1627FB7B2ECD53B600C91671 /* Assets.xcassets */; };
		1627FB862ECD53B600C91671 /* CameraManager.swift in Sources */ = {isa = PBXBuildFile; fileRef = 1627FB7C2ECD53B600C91671 /* CameraManager.swift */; };
		1627FB872ECD53B600C91671 /* Config.swift in Sources */ = {isa = PBXBuildFile; fileRef = 1627FB7D2ECD53B600C91671 /* Config.swift */; };
		1627FB882ECD53B600C91671 /* ConjureApp.swift in Sources */ = {isa = PBXBuildFile; fileRef = 1627FB7E2ECD53B600C91671 /* ConjureApp.swift */; };
		1627FB892ECD53B600C91671 /* LoginView.swift in Sources */ = {isa = PBXBuildFile; fileRef = 1627FB802ECD53B600C91671 /* LoginView.swift */; };
		1627FB8A2ECD53B600C91671 /* Schema.swift in Sources */ = {isa = PBXBuildFile; fileRef = 1627FB812ECD53B600C91671 /* Schema.swift */; };
		1627FB8C2ECD5CC000C91671 /* Podfile in Resources */ = {isa = PBXBuildFile; fileRef = 1627FB8B2ECD5CC000C91671 /* Podfile */; };
		1627FB8E2ECD5DDA00C91671 /* hand_landmarker.task in Resources */ = {isa = PBXBuildFile; fileRef = 1627FB8D2ECD5DDA00C91671 /* hand_landmarker.task */; };
		16B234052ED00BD5007D4D4C /* USBSender.swift in Sources */ = {isa = PBXBuildFile; fileRef = 16B234042ED00BCF007D4D4C /* USBSender.swift */; };
		5D0B6217767CE50368E4B453 /* Pods_Conjure.framework in Frameworks */ = {isa = PBXBuildFile; fileRef = 25E7A4018ABAB710BCBC838E /* Pods_Conjure.framework */; };
/* End PBXBuildFile section */

/* Begin PBXFileReference section */
		16143FBB2ECE89FD00D5BDFC /* RTCClient.swift */ = {isa = PBXFileReference; lastKnownFileType = sourcecode.swift; path = RTCClient.swift; sourceTree = "<group>"; };
		16143FBD2ECE965600D5BDFC /* MediaPipeManager.swift */ = {isa = PBXFileReference; lastKnownFileType = sourcecode.swift; path = MediaPipeManager.swift; sourceTree = "<group>"; };
		16143FBF2ECEA1C900D5BDFC /* FrameFuser.swift */ = {isa = PBXFileReference; lastKnownFileType = sourcecode.swift; path = FrameFuser.swift; sourceTree = "<group>"; };
		1627D3C72EAE826D00836F94 /* Conjure.app */ = {isa = PBXFileReference; explicitFileType = wrapper.application; includeInIndex = 0; path = Conjure.app; sourceTree = BUILT_PRODUCTS_DIR; };
		1627FB7B2ECD53B600C91671 /* Assets.xcassets */ = {isa = PBXFileReference; lastKnownFileType = folder.assetcatalog; path = Assets.xcassets; sourceTree = "<group>"; };
		1627FB7C2ECD53B600C91671 /* CameraManager.swift */ = {isa = PBXFileReference; lastKnownFileType = sourcecode.swift; path = CameraManager.swift; sourceTree = "<group>"; };
		1627FB7D2ECD53B600C91671 /* Config.swift */ = {isa = PBXFileReference; lastKnownFileType = sourcecode.swift; path = Config.swift; sourceTree = "<group>"; };
		1627FB7E2ECD53B600C91671 /* ConjureApp.swift */ = {isa = PBXFileReference; lastKnownFileType = sourcecode.swift; path = ConjureApp.swift; sourceTree = "<group>"; };
		1627FB7F2ECD53B600C91671 /* Info.plist */ = {isa = PBXFileReference; lastKnownFileType = text.plist.xml; path = Info.plist; sourceTree = "<group>"; };
		1627FB802ECD53B600C91671 /* LoginView.swift */ = {isa = PBXFileReference; lastKnownFileType = sourcecode.swift; path = LoginView.swift; sourceTree = "<group>"; };
		1627FB812ECD53B600C91671 /* Schema.swift */ = {isa = PBXFileReference; lastKnownFileType = sourcecode.swift; path = Schema.swift; sourceTree = "<group>"; };
		1627FB8B2ECD5CC000C91671 /* Podfile */ = {isa = PBXFileReference; lastKnownFileType = text; path = Podfile; sourceTree = SOURCE_ROOT; };
		1627FB8D2ECD5DDA00C91671 /* hand_landmarker.task */ = {isa = PBXFileReference; lastKnownFileType = file; path = hand_landmarker.task; sourceTree = "<group>"; };
		16B234042ED00BCF007D4D4C /* USBSender.swift */ = {isa = PBXFileReference; lastKnownFileType = sourcecode.swift; path = USBSender.swift; sourceTree = "<group>"; };
		25E7A4018ABAB710BCBC838E /* Pods_Conjure.framework */ = {isa = PBXFileReference; explicitFileType = wrapper.framework; includeInIndex = 0; path = Pods_Conjure.framework; sourceTree = BUILT_PRODUCTS_DIR; };
		B7C7DD7AFFF38B39D7A225B9 /* Pods-Conjure.release.xcconfig */ = {isa = PBXFileReference; includeInIndex = 1; lastKnownFileType = text.xcconfig; name = "Pods-Conjure.release.xcconfig"; path = "Target Support Files/Pods-Conjure/Pods-Conjure.release.xcconfig"; sourceTree = "<group>"; };
		BE2FD19F2306636C3E4A10BE /* Pods-Conjure.debug.xcconfig */ = {isa = PBXFileReference; includeInIndex = 1; lastKnownFileType = text.xcconfig; name = "Pods-Conjure.debug.xcconfig"; path = "Target Support Files/Pods-Conjure/Pods-Conjure.debug.xcconfig"; sourceTree = "<group>"; };
/* End PBXFileReference section */

/* Begin PBXFrameworksBuildPhase section */
		1627D3C42EAE826D00836F94 /* Frameworks */ = {
			isa = PBXFrameworksBuildPhase;
			buildActionMask = 2147483647;
			files = (
				16228CD52EAEBB010015672C /* WebRTC in Frameworks */,
				5D0B6217767CE50368E4B453 /* Pods_Conjure.framework in Frameworks */,
			);
			runOnlyForDeploymentPostprocessing = 0;
		};
/* End PBXFrameworksBuildPhase section */

/* Begin PBXGroup section */
		1627D3BE2EAE826C00836F94 = {
			isa = PBXGroup;
			children = (
				1627FB822ECD53B600C91671 /* Conjure */,
				1627D3C82EAE826D00836F94 /* Products */,
				CA6BE904A512FF8EB81FB835 /* Pods */,
				7069F41FA41C14DFC2565E01 /* Frameworks */,
			);
			sourceTree = "<group>";
		};
		1627D3C82EAE826D00836F94 /* Products */ = {
			isa = PBXGroup;
			children = (
				1627D3C72EAE826D00836F94 /* Conjure.app */,
			);
			name = Products;
			sourceTree = "<group>";
		};
		1627FB822ECD53B600C91671 /* Conjure */ = {
			isa = PBXGroup;
			children = (
				1627FB7B2ECD53B600C91671 /* Assets.xcassets */,
				1627FB7F2ECD53B600C91671 /* Info.plist */,
				1627FB8B2ECD5CC000C91671 /* Podfile */,
				1627FB8D2ECD5DDA00C91671 /* hand_landmarker.task */,
				1627FB7D2ECD53B600C91671 /* Config.swift */,
				1627FB812ECD53B600C91671 /* Schema.swift */,
				1627FB7E2ECD53B600C91671 /* ConjureApp.swift */,
				1627FB802ECD53B600C91671 /* LoginView.swift */,
				16143FBB2ECE89FD00D5BDFC /* RTCClient.swift */,
				1627FB7C2ECD53B600C91671 /* CameraManager.swift */,
				16143FBD2ECE965600D5BDFC /* MediaPipeManager.swift */,
				16143FBF2ECEA1C900D5BDFC /* FrameFuser.swift */,
				16B234042ED00BCF007D4D4C /* USBSender.swift */,
			);
			path = Conjure;
			sourceTree = "<group>";
		};
		7069F41FA41C14DFC2565E01 /* Frameworks */ = {
			isa = PBXGroup;
			children = (
				25E7A4018ABAB710BCBC838E /* Pods_Conjure.framework */,
			);
			name = Frameworks;
			sourceTree = "<group>";
		};
		CA6BE904A512FF8EB81FB835 /* Pods */ = {
			isa = PBXGroup;
			children = (
				BE2FD19F2306636C3E4A10BE /* Pods-Conjure.debug.xcconfig */,
				B7C7DD7AFFF38B39D7A225B9 /* Pods-Conjure.release.xcconfig */,
			);
			path = Pods;
			sourceTree = "<group>";
		};
/* End PBXGroup section */

/* Begin PBXNativeTarget section */
		1627D3C62EAE826D00836F94 /* Conjure */ = {
			isa = PBXNativeTarget;
			buildConfigurationList = 1627D3D22EAE827000836F94 /* Build configuration list for PBXNativeTarget "Conjure" */;
			buildPhases = (
				1B88867B04EF529E8B75B469 /* [CP] Check Pods Manifest.lock */,
				1627D3C32EAE826D00836F94 /* Sources */,
				1627D3C42EAE826D00836F94 /* Frameworks */,
				1627D3C52EAE826D00836F94 /* Resources */,
			);
			buildRules = (
			);
			dependencies = (
			);
			name = Conjure;
			packageProductDependencies = (
				16228CD42EAEBB010015672C /* WebRTC */,
			);
			productName = Conjure;
			productReference = 1627D3C72EAE826D00836F94 /* Conjure.app */;
			productType = "com.apple.product-type.application";
		};
/* End PBXNativeTarget section */

/* Begin PBXProject section */
		1627D3BF2EAE826C00836F94 /* Project object */ = {
			isa = PBXProject;
			attributes = {
				BuildIndependentTargetsInParallel = 1;
				LastSwiftUpdateCheck = 2600;
				LastUpgradeCheck = 2600;
				TargetAttributes = {
					1627D3C62EAE826D00836F94 = {
						CreatedOnToolsVersion = 26.0.1;
					};
				};
			};
			buildConfigurationList = 1627D3C22EAE826C00836F94 /* Build configuration list for PBXProject "Conjure" */;
			compatibilityVersion = "Xcode 14.0";
			developmentRegion = en;
			hasScannedForEncodings = 0;
			knownRegions = (
				en,
				Base,
			);
			mainGroup = 1627D3BE2EAE826C00836F94;
			packageReferences = (
				16228CD32EAEBB010015672C /* XCRemoteSwiftPackageReference "WebRTC" */,
			);
			productRefGroup = 1627D3C82EAE826D00836F94 /* Products */;
			projectDirPath = "";
			projectRoot = "";
			targets = (
				1627D3C62EAE826D00836F94 /* Conjure */,
			);
		};
/* End PBXProject section */

/* Begin PBXResourcesBuildPhase section */
		1627D3C52EAE826D00836F94 /* Resources */ = {
			isa = PBXResourcesBuildPhase;
			buildActionMask = 2147483647;
			files = (
				1627FB8E2ECD5DDA00C91671 /* hand_landmarker.task in Resources */,
				1627FB8C2ECD5CC000C91671 /* Podfile in Resources */,
				1627FB832ECD53B600C91671 /* Assets.xcassets in Resources */,
			);
			runOnlyForDeploymentPostprocessing = 0;
		};
/* End PBXResourcesBuildPhase section */

/* Begin PBXShellScriptBuildPhase section */
		1B88867B04EF529E8B75B469 /* [CP] Check Pods Manifest.lock */ = {
			isa = PBXShellScriptBuildPhase;
			buildActionMask = 2147483647;
			files = (
			);
			inputFileListPaths = (
			);
			inputPaths = (
				"${PODS_PODFILE_DIR_PATH}/Podfile.lock",
				"${PODS_ROOT}/Manifest.lock",
			);
			name = "[CP] Check Pods Manifest.lock";
			outputFileListPaths = (
			);
			outputPaths = (
				"$(DERIVED_FILE_DIR)/Pods-Conjure-checkManifestLockResult.txt",
			);
			runOnlyForDeploymentPostprocessing = 0;
			shellPath = /bin/sh;
			shellScript = "diff \"${PODS_PODFILE_DIR_PATH}/Podfile.lock\" \"${PODS_ROOT}/Manifest.lock\" > /dev/null\nif [ $? != 0 ] ; then\n    # print error to STDERR\n    echo \"error: The sandbox is not in sync with the Podfile.lock. Run 'pod install' or update your CocoaPods installation.\" >&2\n    exit 1\nfi\n# This output is used by Xcode 'outputs' to avoid re-running this script phase.\necho \"SUCCESS\" > \"${SCRIPT_OUTPUT_FILE_0}\"\n";
			showEnvVarsInLog = 0;
		};
/* End PBXShellScriptBuildPhase section */

/* Begin PBXSourcesBuildPhase section */
		1627D3C32EAE826D00836F94 /* Sources */ = {
			isa = PBXSourcesBuildPhase;
			buildActionMask = 2147483647;
			files = (
				16143FBE2ECE965E00D5BDFC /* MediaPipeManager.swift in Sources */,
				1627FB862ECD53B600C91671 /* CameraManager.swift in Sources */,
				1627FB872ECD53B600C91671 /* Config.swift in Sources */,
				16143FC02ECEA1CC00D5BDFC /* FrameFuser.swift in Sources */,
				1627FB882ECD53B600C91671 /* ConjureApp.swift in Sources */,
				1627FB892ECD53B600C91671 /* LoginView.swift in Sources */,
				16143FBC2ECE8A0300D5BDFC /* RTCClient.swift in Sources */,
				16B234052ED00BD5007D4D4C /* USBSender.swift in Sources */,
				1627FB8A2ECD53B600C91671 /* Schema.swift in Sources */,
			);
			runOnlyForDeploymentPostprocessing = 0;
		};
/* End PBXSourcesBuildPhase section */

/* Begin XCBuildConfiguration section */
		1627D3D02EAE827000836F94 /* Debug */ = {
			isa = XCBuildConfiguration;
			buildSettings = {
				ALWAYS_SEARCH_USER_PATHS = NO;
				ASSETCATALOG_COMPILER_GENERATE_SWIFT_ASSET_SYMBOL_EXTENSIONS = YES;
				CLANG_ANALYZER_NONNULL = YES;
				CLANG_ANALYZER_NUMBER_OBJECT_CONVERSION = YES_AGGRESSIVE;
				CLANG_CXX_LANGUAGE_STANDARD = "gnu++20";
				CLANG_ENABLE_MODULES = YES;
				CLANG_ENABLE_OBJC_ARC = YES;
				CLANG_ENABLE_OBJC_WEAK = YES;
				CLANG_WARN_BLOCK_CAPTURE_AUTORELEASING = YES;
				CLANG_WARN_BOOL_CONVERSION = YES;
				CLANG_WARN_COMMA = YES;
				CLANG_WARN_CONSTANT_CONVERSION = YES;
				CLANG_WARN_DEPRECATED_OBJC_IMPLEMENTATIONS = YES;
				CLANG_WARN_DIRECT_OBJC_ISA_USAGE = YES_ERROR;
				CLANG_WARN_DOCUMENTATION_COMMENTS = YES;
				CLANG_WARN_EMPTY_BODY = YES;
				CLANG_WARN_ENUM_CONVERSION = YES;
				CLANG_WARN_INFINITE_RECURSION = YES;
				CLANG_WARN_INT_CONVERSION = YES;
				CLANG_WARN_NON_LITERAL_NULL_CONVERSION = YES;
				CLANG_WARN_OBJC_IMPLICIT_RETAIN_SELF = YES;
				CLANG_WARN_OBJC_LITERAL_CONVERSION = YES;
				CLANG_WARN_OBJC_ROOT_CLASS = YES_ERROR;
				CLANG_WARN_QUOTED_INCLUDE_IN_FRAMEWORK_HEADER = YES;
				CLANG_WARN_RANGE_LOOP_ANALYSIS = YES;
				CLANG_WARN_STRICT_PROTOTYPES = YES;
				CLANG_WARN_SUSPICIOUS_MOVE = YES;
				CLANG_WARN_UNGUARDED_AVAILABILITY = YES_AGGRESSIVE;
				CLANG_WARN_UNREACHABLE_CODE = YES;
				CLANG_WARN__DUPLICATE_METHOD_MATCH = YES;
				COPY_PHASE_STRIP = NO;
				DEBUG_INFORMATION_FORMAT = dwarf;
				ENABLE_STRICT_OBJC_MSGSEND = YES;
				ENABLE_TESTABILITY = YES;
				ENABLE_USER_SCRIPT_SANDBOXING = YES;
				GCC_C_LANGUAGE_STANDARD = gnu17;
				GCC_DYNAMIC_NO_PIC = NO;
				GCC_NO_COMMON_BLOCKS = YES;
				GCC_OPTIMIZATION_LEVEL = 0;
				GCC_PREPROCESSOR_DEFINITIONS = (
					"DEBUG=1",
					"$(inherited)",
				);
				GCC_WARN_64_TO_32_BIT_CONVERSION = YES;
				GCC_WARN_ABOUT_RETURN_TYPE = YES_ERROR;
				GCC_WARN_UNDECLARED_SELECTOR = YES;
				GCC_WARN_UNINITIALIZED_AUTOS = YES_AGGRESSIVE;
				GCC_WARN_UNUSED_FUNCTION = YES;
				GCC_WARN_UNUSED_VARIABLE = YES;
				IPHONEOS_DEPLOYMENT_TARGET = 26.0;
				LOCALIZATION_PREFERS_STRING_CATALOGS = YES;
				MTL_ENABLE_DEBUG_INFO = INCLUDE_SOURCE;
				MTL_FAST_MATH = YES;
				ONLY_ACTIVE_ARCH = YES;
				SDKROOT = iphoneos;
				SWIFT_ACTIVE_COMPILATION_CONDITIONS = "DEBUG $(inherited)";
				SWIFT_OPTIMIZATION_LEVEL = "-Onone";
			};
			name = Debug;
		};
		1627D3D12EAE827000836F94 /* Release */ = {
			isa = XCBuildConfiguration;
			buildSettings = {
				ALWAYS_SEARCH_USER_PATHS = NO;
				ASSETCATALOG_COMPILER_GENERATE_SWIFT_ASSET_SYMBOL_EXTENSIONS = YES;
				CLANG_ANALYZER_NONNULL = YES;
				CLANG_ANALYZER_NUMBER_OBJECT_CONVERSION = YES_AGGRESSIVE;
				CLANG_CXX_LANGUAGE_STANDARD = "gnu++20";
				CLANG_ENABLE_MODULES = YES;
				CLANG_ENABLE_OBJC_ARC = YES;
				CLANG_ENABLE_OBJC_WEAK = YES;
				CLANG_WARN_BLOCK_CAPTURE_AUTORELEASING = YES;
				CLANG_WARN_BOOL_CONVERSION = YES;
				CLANG_WARN_COMMA = YES;
				CLANG_WARN_CONSTANT_CONVERSION = YES;
				CLANG_WARN_DEPRECATED_OBJC_IMPLEMENTATIONS = YES;
				CLANG_WARN_DIRECT_OBJC_ISA_USAGE = YES_ERROR;
				CLANG_WARN_DOCUMENTATION_COMMENTS = YES;
				CLANG_WARN_EMPTY_BODY = YES;
				CLANG_WARN_ENUM_CONVERSION = YES;
				CLANG_WARN_INFINITE_RECURSION = YES;
				CLANG_WARN_INT_CONVERSION = YES;
				CLANG_WARN_NON_LITERAL_NULL_CONVERSION = YES;
				CLANG_WARN_OBJC_IMPLICIT_RETAIN_SELF = YES;
				CLANG_WARN_OBJC_LITERAL_CONVERSION = YES;
				CLANG_WARN_OBJC_ROOT_CLASS = YES_ERROR;
				CLANG_WARN_QUOTED_INCLUDE_IN_FRAMEWORK_HEADER = YES;
				CLANG_WARN_RANGE_LOOP_ANALYSIS = YES;
				CLANG_WARN_STRICT_PROTOTYPES = YES;
				CLANG_WARN_SUSPICIOUS_MOVE = YES;
				CLANG_WARN_UNGUARDED_AVAILABILITY = YES_AGGRESSIVE;
				CLANG_WARN_UNREACHABLE_CODE = YES;
				CLANG_WARN__DUPLICATE_METHOD_MATCH = YES;
				COPY_PHASE_STRIP = NO;
				DEBUG_INFORMATION_FORMAT = "dwarf-with-dsym";
				ENABLE_NS_ASSERTIONS = NO;
				ENABLE_STRICT_OBJC_MSGSEND = YES;
				ENABLE_USER_SCRIPT_SANDBOXING = YES;
				GCC_C_LANGUAGE_STANDARD = gnu17;
				GCC_NO_COMMON_BLOCKS = YES;
				GCC_WARN_64_TO_32_BIT_CONVERSION = YES;
				GCC_WARN_ABOUT_RETURN_TYPE = YES_ERROR;
				GCC_WARN_UNDECLARED_SELECTOR = YES;
				GCC_WARN_UNINITIALIZED_AUTOS = YES_AGGRESSIVE;
				GCC_WARN_UNUSED_FUNCTION = YES;
				GCC_WARN_UNUSED_VARIABLE = YES;
				IPHONEOS_DEPLOYMENT_TARGET = 26.0;
				LOCALIZATION_PREFERS_STRING_CATALOGS = YES;
				MTL_ENABLE_DEBUG_INFO = NO;
				MTL_FAST_MATH = YES;
				SDKROOT = iphoneos;
				SWIFT_COMPILATION_MODE = wholemodule;
				VALIDATE_PRODUCT = YES;
			};
			name = Release;
		};
		1627D3D32EAE827000836F94 /* Debug */ = {
			isa = XCBuildConfiguration;
			baseConfigurationReference = BE2FD19F2306636C3E4A10BE /* Pods-Conjure.debug.xcconfig */;
			buildSettings = {
				ASSETCATALOG_COMPILER_APPICON_NAME = AppIcon;
				ASSETCATALOG_COMPILER_GLOBAL_ACCENT_COLOR_NAME = AccentColor;
				CODE_SIGN_STYLE = Automatic;
				CURRENT_PROJECT_VERSION = 1;
				DEVELOPMENT_TEAM = 3UYLKW3D59;
				ENABLE_PREVIEWS = YES;
				GENERATE_INFOPLIST_FILE = YES;
				INFOPLIST_FILE = Conjure/Info.plist;
				INFOPLIST_KEY_NSCameraUsageDescription = "This app uses the camera to stream video content to the connected computer.";
				INFOPLIST_KEY_NSFaceIDUsageDescription = "This app uses the Face ID sensor to stream depth-related information to your computer.";
				INFOPLIST_KEY_UIApplicationSceneManifest_Generation = YES;
				INFOPLIST_KEY_UIApplicationSupportsIndirectInputEvents = YES;
				INFOPLIST_KEY_UILaunchScreen_Generation = YES;
				INFOPLIST_KEY_UISupportedInterfaceOrientations_iPad = "UIInterfaceOrientationPortrait UIInterfaceOrientationPortraitUpsideDown UIInterfaceOrientationLandscapeLeft UIInterfaceOrientationLandscapeRight";
				INFOPLIST_KEY_UISupportedInterfaceOrientations_iPhone = "UIInterfaceOrientationPortrait UIInterfaceOrientationLandscapeLeft UIInterfaceOrientationLandscapeRight";
				LD_RUNPATH_SEARCH_PATHS = (
					"$(inherited)",
					"@executable_path/Frameworks",
				);
				MARKETING_VERSION = 1.0;
				PRODUCT_BUNDLE_IDENTIFIER = Ant13731.Conjure;
				PRODUCT_NAME = "$(TARGET_NAME)";
				STRING_CATALOG_GENERATE_SYMBOLS = YES;
				SWIFT_APPROACHABLE_CONCURRENCY = YES;
				SWIFT_DEFAULT_ACTOR_ISOLATION = MainActor;
				SWIFT_EMIT_LOC_STRINGS = YES;
				SWIFT_UPCOMING_FEATURE_MEMBER_IMPORT_VISIBILITY = YES;
				SWIFT_VERSION = 5.0;
				TARGETED_DEVICE_FAMILY = "1,2";
			};
			name = Debug;
		};
		1627D3D42EAE827000836F94 /* Release */ = {
			isa = XCBuildConfiguration;
			baseConfigurationReference = B7C7DD7AFFF38B39D7A225B9 /* Pods-Conjure.release.xcconfig */;
			buildSettings = {
				ASSETCATALOG_COMPILER_APPICON_NAME = AppIcon;
				ASSETCATALOG_COMPILER_GLOBAL_ACCENT_COLOR_NAME = AccentColor;
				CODE_SIGN_STYLE = Automatic;
				CURRENT_PROJECT_VERSION = 1;
				DEVELOPMENT_TEAM = 3UYLKW3D59;
				ENABLE_PREVIEWS = YES;
				GENERATE_INFOPLIST_FILE = YES;
				INFOPLIST_FILE = Conjure/Info.plist;
				INFOPLIST_KEY_NSCameraUsageDescription = "This app uses the camera to stream video content to the connected computer.";
				INFOPLIST_KEY_NSFaceIDUsageDescription = "This app uses the Face ID sensor to stream depth-related information to your computer.";
				INFOPLIST_KEY_UIApplicationSceneManifest_Generation = YES;
				INFOPLIST_KEY_UIApplicationSupportsIndirectInputEvents = YES;
				INFOPLIST_KEY_UILaunchScreen_Generation = YES;
				INFOPLIST_KEY_UISupportedInterfaceOrientations_iPad = "UIInterfaceOrientationPortrait UIInterfaceOrientationPortraitUpsideDown UIInterfaceOrientationLandscapeLeft UIInterfaceOrientationLandscapeRight";
				INFOPLIST_KEY_UISupportedInterfaceOrientations_iPhone = "UIInterfaceOrientationPortrait UIInterfaceOrientationLandscapeLeft UIInterfaceOrientationLandscapeRight";
				LD_RUNPATH_SEARCH_PATHS = (
					"$(inherited)",
					"@executable_path/Frameworks",
				);
				MARKETING_VERSION = 1.0;
				PRODUCT_BUNDLE_IDENTIFIER = Ant13731.Conjure;
				PRODUCT_NAME = "$(TARGET_NAME)";
				STRING_CATALOG_GENERATE_SYMBOLS = YES;
				SWIFT_APPROACHABLE_CONCURRENCY = YES;
				SWIFT_DEFAULT_ACTOR_ISOLATION = MainActor;
				SWIFT_EMIT_LOC_STRINGS = YES;
				SWIFT_UPCOMING_FEATURE_MEMBER_IMPORT_VISIBILITY = YES;
				SWIFT_VERSION = 5.0;
				TARGETED_DEVICE_FAMILY = "1,2";
			};
			name = Release;
		};
/* End XCBuildConfiguration section */

/* Begin XCConfigurationList section */
		1627D3C22EAE826C00836F94 /* Build configuration list for PBXProject "Conjure" */ = {
			isa = XCConfigurationList;
			buildConfigurations = (
				1627D3D02EAE827000836F94 /* Debug */,
				1627D3D12EAE827000836F94 /* Release */,
			);
			defaultConfigurationIsVisible = 0;
			defaultConfigurationName = Release;
		};
		1627D3D22EAE827000836F94 /* Build configuration list for PBXNativeTarget "Conjure" */ = {
			isa = XCConfigurationList;
			buildConfigurations = (
				1627D3D32EAE827000836F94 /* Debug */,
				1627D3D42EAE827000836F94 /* Release */,
			);
			defaultConfigurationIsVisible = 0;
			defaultConfigurationName = Release;
		};
/* End XCConfigurationList section */

/* Begin XCRemoteSwiftPackageReference section */
		16228CD32EAEBB010015672C /* XCRemoteSwiftPackageReference "WebRTC" */ = {
			isa = XCRemoteSwiftPackageReference;
			repositoryURL = "https://github.com/stasel/WebRTC.git";
			requirement = {
				kind = exactVersion;
				version = 140.0.0;
			};
		};
/* End XCRemoteSwiftPackageReference section */

/* Begin XCSwiftPackageProductDependency section */
		16228CD42EAEBB010015672C /* WebRTC */ = {
			isa = XCSwiftPackageProductDependency;
			package = 16228CD32EAEBB010015672C /* XCRemoteSwiftPackageReference "WebRTC" */;
			productName = WebRTC;
		};
/* End XCSwiftPackageProductDependency section */
	};
	rootObject = 1627D3BF2EAE826C00836F94 /* Project object */;
}
